
Microsoft Visual Studio Solution File, Format Version 12.00
# Visual Studio 15
VisualStudioVersion = 15.0.26730.16
MinimumVisualStudioVersion = 10.0.40219.1
Project("{FAE04EC0-301F-11D3-BF4B-00C04F79EFBC}") = "BitcoinNode", "BitcoinNode.csproj", "{EBB36ABC-DA1F-41DE-97DB-223A1C5FFFA0}"
EndProject
Project("{FAE04EC0-301F-11D3-BF4B-00C04F79EFBC}") = "CryptoUtilities", "CryptoUtilities\CryptoUtilities.csproj", "{B038910F-097F-4DDD-B183-2C6379F48C3E}"
EndProject
Project("{FAE04EC0-301F-11D3-BF4B-00C04F79EFBC}") = "CryptoUtilitiesTests", "CryptoUtilitiesTests\CryptoUtilitiesTests.csproj", "{51AD84B0-55A5-470E-9299-6256C46FEA8F}"
EndProject
Project("{FAE04EC0-301F-11D3-BF4B-00C04F79EFBC}") = "Structures", "Structures\Structures.csproj", "{810B3152-86A8-4480-A9AE-54BD648428CA}"
EndProject
Global
	GlobalSection(SolutionConfigurationPlatforms) = preSolution
		Debug|Any CPU = Debug|Any CPU
		Release|Any CPU = Release|Any CPU
	EndGlobalSection
	GlobalSection(ProjectConfigurationPlatforms) = postSolution
		{EBB36ABC-DA1F-41DE-97DB-223A1C5FFFA0}.Debug|Any CPU.ActiveCfg = Debug|Any CPU
		{EBB36ABC-DA1F-41DE-97DB-223A1C5FFFA0}.Debug|Any CPU.Build.0 = Debug|Any CPU
		{EBB36ABC-DA1F-41DE-97DB-223A1C5FFFA0}.Release|Any CPU.ActiveCfg = Release|Any CPU
		{EBB36ABC-DA1F-41DE-97DB-223A1C5FFFA0}.Release|Any CPU.Build.0 = Release|Any CPU
		{B038910F-097F-4DDD-B183-2C6379F48C3E}.Debug|Any CPU.ActiveCfg = Debug|Any CPU
		{B038910F-097F-4DDD-B183-2C6379F48C3E}.Debug|Any CPU.Build.0 = Debug|Any CPU
		{B038910F-097F-4DDD-B183-2C6379F48C3E}.Release|Any CPU.ActiveCfg = Release|Any CPU
		{B038910F-097F-4DDD-B183-2C6379F48C3E}.Release|Any CPU.Build.0 = Release|Any CPU
		{51AD84B0-55A5-470E-9299-6256C46FEA8F}.Debug|Any CPU.ActiveCfg = Debug|Any CPU
		{51AD84B0-55A5-470E-9299-6256C46FEA8F}.Debug|Any CPU.Build.0 = Debug|Any CPU
		{51AD84B0-55A5-470E-9299-6256C46FEA8F}.Release|Any CPU.ActiveCfg = Release|Any CPU
		{51AD84B0-55A5-470E-9299-6256C46FEA8F}.Release|Any CPU.Build.0 = Release|Any CPU
		{810B3152-86A8-4480-A9AE-54BD648428CA}.Debug|Any CPU.ActiveCfg = Debug|Any CPU
		{810B3152-86A8-4480-A9AE-54BD648428CA}.Debug|Any CPU.Build.0 = Debug|Any CPU
		{810B3152-86A8-4480-A9AE-54BD648428CA}.Release|Any CPU.ActiveCfg = Release|Any CPU
		{810B3152-86A8-4480-A9AE-54BD648428CA}.Release|Any CPU.Build.0 = Release|Any CPU
	EndGlobalSection
	GlobalSection(SolutionProperties) = preSolution
		HideSolutionNode = FALSE
	EndGlobalSection
	GlobalSection(ExtensibilityGlobals) = postSolution
		SolutionGuid = {58E45848-F162-4B11-86F3-032C241A5303}
	EndGlobalSection
EndGlobal
